
Microsoft Visual Studio Solution File, Format Version 12.00
# Visual Studio 15
VisualStudioVersion = 15.0.27703.2026
MinimumVisualStudioVersion = 10.0.40219.1
Project("{FAE04EC0-301F-11D3-BF4B-00C04F79EFBC}") = "Observer", "Observer\Observer.csproj", "{28DD6996-3F8C-4D19-BA56-D41B2CD416A7}"
EndProject
Project("{FAE04EC0-301F-11D3-BF4B-00C04F79EFBC}") = "Observer2", "Observer2\Observer2.csproj", "{E57C9298-5BC3-402C-B1F4-9EDA5B08775A}"
EndProject
Project("{FAE04EC0-301F-11D3-BF4B-00C04F79EFBC}") = "ObserverPattern", "ObserverPattern\ObserverPattern.csproj", "{28E29CAA-2926-4F91-9E0A-333ECA1B6092}"
EndProject
Global
	GlobalSection(SolutionConfigurationPlatforms) = preSolution
		Debug|Any CPU = Debug|Any CPU
		Release|Any CPU = Release|Any CPU
	EndGlobalSection
	GlobalSection(ProjectConfigurationPlatforms) = postSolution
		{28DD6996-3F8C-4D19-BA56-D41B2CD416A7}.Debug|Any CPU.ActiveCfg = Debug|Any CPU
		{28DD6996-3F8C-4D19-BA56-D41B2CD416A7}.Debug|Any CPU.Build.0 = Debug|Any CPU
		{28DD6996-3F8C-4D19-BA56-D41B2CD416A7}.Release|Any CPU.ActiveCfg = Release|Any CPU
		{28DD6996-3F8C-4D19-BA56-D41B2CD416A7}.Release|Any CPU.Build.0 = Release|Any CPU
		{E57C9298-5BC3-402C-B1F4-9EDA5B08775A}.Debug|Any CPU.ActiveCfg = Debug|Any CPU
		{E57C9298-5BC3-402C-B1F4-9EDA5B08775A}.Debug|Any CPU.Build.0 = Debug|Any CPU
		{E57C9298-5BC3-402C-B1F4-9EDA5B08775A}.Release|Any CPU.ActiveCfg = Release|Any CPU
		{E57C9298-5BC3-402C-B1F4-9EDA5B08775A}.Release|Any CPU.Build.0 = Release|Any CPU
		{28E29CAA-2926-4F91-9E0A-333ECA1B6092}.Debug|Any CPU.ActiveCfg = Debug|Any CPU
		{28E29CAA-2926-4F91-9E0A-333ECA1B6092}.Debug|Any CPU.Build.0 = Debug|Any CPU
		{28E29CAA-2926-4F91-9E0A-333ECA1B6092}.Release|Any CPU.ActiveCfg = Release|Any CPU
		{28E29CAA-2926-4F91-9E0A-333ECA1B6092}.Release|Any CPU.Build.0 = Release|Any CPU
	EndGlobalSection
	GlobalSection(SolutionProperties) = preSolution
		HideSolutionNode = FALSE
	EndGlobalSection
	GlobalSection(ExtensibilityGlobals) = postSolution
		SolutionGuid = {5DC3B3AC-5D32-4200-9297-508206976BF3}
	EndGlobalSection
EndGlobal
