
Microsoft Visual Studio Solution File, Format Version 12.00
# Visual Studio 15
VisualStudioVersion = 15.0.27428.2015
MinimumVisualStudioVersion = 10.0.40219.1
Project("{FAE04EC0-301F-11D3-BF4B-00C04F79EFBC}") = "Design Patterns2", "Design Patterns2\Design Patterns2.csproj", "{255B3096-1D9F-45F6-AD72-F1AB8249B0B7}"
EndProject
Global
	GlobalSection(SolutionConfigurationPlatforms) = preSolution
		Debug|Any CPU = Debug|Any CPU
		Release|Any CPU = Release|Any CPU
	EndGlobalSection
	GlobalSection(ProjectConfigurationPlatforms) = postSolution
		{255B3096-1D9F-45F6-AD72-F1AB8249B0B7}.Debug|Any CPU.ActiveCfg = Debug|Any CPU
		{255B3096-1D9F-45F6-AD72-F1AB8249B0B7}.Debug|Any CPU.Build.0 = Debug|Any CPU
		{255B3096-1D9F-45F6-AD72-F1AB8249B0B7}.Release|Any CPU.ActiveCfg = Release|Any CPU
		{255B3096-1D9F-45F6-AD72-F1AB8249B0B7}.Release|Any CPU.Build.0 = Release|Any CPU
	EndGlobalSection
	GlobalSection(SolutionProperties) = preSolution
		HideSolutionNode = FALSE
	EndGlobalSection
	GlobalSection(ExtensibilityGlobals) = postSolution
		SolutionGuid = {1858B23D-C99F-4287-B732-7D0AF8C80608}
	EndGlobalSection
EndGlobal
