
Microsoft Visual Studio Solution File, Format Version 12.00
# Visual Studio 15
VisualStudioVersion = 15.0.27703.2042
MinimumVisualStudioVersion = 10.0.40219.1
Project("{FAE04EC0-301F-11D3-BF4B-00C04F79EFBC}") = "EnablingEF", "EnablingEF\EnablingEF.csproj", "{812E2D0F-2BB9-47BB-9CC9-A4CB2B06F7E2}"
EndProject
Global
	GlobalSection(SolutionConfigurationPlatforms) = preSolution
		Debug|Any CPU = Debug|Any CPU
		Release|Any CPU = Release|Any CPU
	EndGlobalSection
	GlobalSection(ProjectConfigurationPlatforms) = postSolution
		{812E2D0F-2BB9-47BB-9CC9-A4CB2B06F7E2}.Debug|Any CPU.ActiveCfg = Debug|Any CPU
		{812E2D0F-2BB9-47BB-9CC9-A4CB2B06F7E2}.Debug|Any CPU.Build.0 = Debug|Any CPU
		{812E2D0F-2BB9-47BB-9CC9-A4CB2B06F7E2}.Release|Any CPU.ActiveCfg = Release|Any CPU
		{812E2D0F-2BB9-47BB-9CC9-A4CB2B06F7E2}.Release|Any CPU.Build.0 = Release|Any CPU
	EndGlobalSection
	GlobalSection(SolutionProperties) = preSolution
		HideSolutionNode = FALSE
	EndGlobalSection
	GlobalSection(ExtensibilityGlobals) = postSolution
		SolutionGuid = {F18D4507-D51E-49F9-9F73-20317A4E373E}
	EndGlobalSection
EndGlobal
