
Microsoft Visual Studio Solution File, Format Version 12.00
# Visual Studio 15
VisualStudioVersion = 15.0.27703.2026
MinimumVisualStudioVersion = 10.0.40219.1
Project("{FAE04EC0-301F-11D3-BF4B-00C04F79EFBC}") = "HMState_Machine", "HMState_Machine\HMState_Machine.csproj", "{DD74E0F5-69CD-43E5-B939-274ECAB01303}"
EndProject
Project("{FAE04EC0-301F-11D3-BF4B-00C04F79EFBC}") = "Switch_Based_State_Machine", "Switch_Based_State_Machine\Switch_Based_State_Machine.csproj", "{287FC1B7-1057-4F74-80DA-852B31AB24DF}"
EndProject
Project("{FAE04EC0-301F-11D3-BF4B-00C04F79EFBC}") = "State_Machine_Stateless", "State_Machine_Stateless\State_Machine_Stateless.csproj", "{2E3520FA-F94E-444A-B0A1-78EA447AE77F}"
EndProject
Global
	GlobalSection(SolutionConfigurationPlatforms) = preSolution
		Debug|Any CPU = Debug|Any CPU
		Release|Any CPU = Release|Any CPU
	EndGlobalSection
	GlobalSection(ProjectConfigurationPlatforms) = postSolution
		{DD74E0F5-69CD-43E5-B939-274ECAB01303}.Debug|Any CPU.ActiveCfg = Debug|Any CPU
		{DD74E0F5-69CD-43E5-B939-274ECAB01303}.Debug|Any CPU.Build.0 = Debug|Any CPU
		{DD74E0F5-69CD-43E5-B939-274ECAB01303}.Release|Any CPU.ActiveCfg = Release|Any CPU
		{DD74E0F5-69CD-43E5-B939-274ECAB01303}.Release|Any CPU.Build.0 = Release|Any CPU
		{287FC1B7-1057-4F74-80DA-852B31AB24DF}.Debug|Any CPU.ActiveCfg = Debug|Any CPU
		{287FC1B7-1057-4F74-80DA-852B31AB24DF}.Debug|Any CPU.Build.0 = Debug|Any CPU
		{287FC1B7-1057-4F74-80DA-852B31AB24DF}.Release|Any CPU.ActiveCfg = Release|Any CPU
		{287FC1B7-1057-4F74-80DA-852B31AB24DF}.Release|Any CPU.Build.0 = Release|Any CPU
		{2E3520FA-F94E-444A-B0A1-78EA447AE77F}.Debug|Any CPU.ActiveCfg = Debug|Any CPU
		{2E3520FA-F94E-444A-B0A1-78EA447AE77F}.Debug|Any CPU.Build.0 = Debug|Any CPU
		{2E3520FA-F94E-444A-B0A1-78EA447AE77F}.Release|Any CPU.ActiveCfg = Release|Any CPU
		{2E3520FA-F94E-444A-B0A1-78EA447AE77F}.Release|Any CPU.Build.0 = Release|Any CPU
	EndGlobalSection
	GlobalSection(SolutionProperties) = preSolution
		HideSolutionNode = FALSE
	EndGlobalSection
	GlobalSection(ExtensibilityGlobals) = postSolution
		SolutionGuid = {54292620-D683-4FA3-9446-C1D18505F79A}
	EndGlobalSection
EndGlobal
