
Microsoft Visual Studio Solution File, Format Version 12.00
# Visual Studio 15
VisualStudioVersion = 15.0.27428.2015
MinimumVisualStudioVersion = 10.0.40219.1
Project("{FAE04EC0-301F-11D3-BF4B-00C04F79EFBC}") = "DelegateDemo", "Delegate\DelegateDemo.csproj", "{68783D43-9DB8-4C6F-A0C3-01945AEDE746}"
EndProject
Project("{FAE04EC0-301F-11D3-BF4B-00C04F79EFBC}") = "MulticastDelegateDemo", "MulticastDelegate\MulticastDelegateDemo.csproj", "{B04FC0A9-B200-4645-B1BA-84749ABDAB67}"
EndProject
Project("{FAE04EC0-301F-11D3-BF4B-00C04F79EFBC}") = "EventMechanismDemo", "EventMechanismDemo\EventMechanismDemo.csproj", "{A576D4E3-458D-4289-AEB5-C2F78EB0567F}"
EndProject
Global
	GlobalSection(SolutionConfigurationPlatforms) = preSolution
		Debug|Any CPU = Debug|Any CPU
		Release|Any CPU = Release|Any CPU
	EndGlobalSection
	GlobalSection(ProjectConfigurationPlatforms) = postSolution
		{68783D43-9DB8-4C6F-A0C3-01945AEDE746}.Debug|Any CPU.ActiveCfg = Debug|Any CPU
		{68783D43-9DB8-4C6F-A0C3-01945AEDE746}.Debug|Any CPU.Build.0 = Debug|Any CPU
		{68783D43-9DB8-4C6F-A0C3-01945AEDE746}.Release|Any CPU.ActiveCfg = Release|Any CPU
		{68783D43-9DB8-4C6F-A0C3-01945AEDE746}.Release|Any CPU.Build.0 = Release|Any CPU
		{B04FC0A9-B200-4645-B1BA-84749ABDAB67}.Debug|Any CPU.ActiveCfg = Debug|Any CPU
		{B04FC0A9-B200-4645-B1BA-84749ABDAB67}.Debug|Any CPU.Build.0 = Debug|Any CPU
		{B04FC0A9-B200-4645-B1BA-84749ABDAB67}.Release|Any CPU.ActiveCfg = Release|Any CPU
		{B04FC0A9-B200-4645-B1BA-84749ABDAB67}.Release|Any CPU.Build.0 = Release|Any CPU
		{A576D4E3-458D-4289-AEB5-C2F78EB0567F}.Debug|Any CPU.ActiveCfg = Debug|Any CPU
		{A576D4E3-458D-4289-AEB5-C2F78EB0567F}.Debug|Any CPU.Build.0 = Debug|Any CPU
		{A576D4E3-458D-4289-AEB5-C2F78EB0567F}.Release|Any CPU.ActiveCfg = Release|Any CPU
		{A576D4E3-458D-4289-AEB5-C2F78EB0567F}.Release|Any CPU.Build.0 = Release|Any CPU
	EndGlobalSection
	GlobalSection(SolutionProperties) = preSolution
		HideSolutionNode = FALSE
	EndGlobalSection
	GlobalSection(ExtensibilityGlobals) = postSolution
		SolutionGuid = {328B83F6-7DD1-4CC9-A5CD-E6A398363602}
	EndGlobalSection
EndGlobal
