
Microsoft Visual Studio Solution File, Format Version 12.00
# Visual Studio 15
VisualStudioVersion = 15.0.27703.2026
MinimumVisualStudioVersion = 10.0.40219.1
Project("{FAE04EC0-301F-11D3-BF4B-00C04F79EFBC}") = "Dynamic_Strategy", "Strategy\Dynamic_Strategy.csproj", "{3BFC9285-EC38-4229-9F1F-6623AFB3B406}"
EndProject
Project("{FAE04EC0-301F-11D3-BF4B-00C04F79EFBC}") = "Static_Strategy", "Static_Strategy\Static_Strategy.csproj", "{9B60851E-822D-46B4-8352-F6E377E2389D}"
EndProject
Global
	GlobalSection(SolutionConfigurationPlatforms) = preSolution
		Debug|Any CPU = Debug|Any CPU
		Release|Any CPU = Release|Any CPU
	EndGlobalSection
	GlobalSection(ProjectConfigurationPlatforms) = postSolution
		{3BFC9285-EC38-4229-9F1F-6623AFB3B406}.Debug|Any CPU.ActiveCfg = Debug|Any CPU
		{3BFC9285-EC38-4229-9F1F-6623AFB3B406}.Debug|Any CPU.Build.0 = Debug|Any CPU
		{3BFC9285-EC38-4229-9F1F-6623AFB3B406}.Release|Any CPU.ActiveCfg = Release|Any CPU
		{3BFC9285-EC38-4229-9F1F-6623AFB3B406}.Release|Any CPU.Build.0 = Release|Any CPU
		{9B60851E-822D-46B4-8352-F6E377E2389D}.Debug|Any CPU.ActiveCfg = Debug|Any CPU
		{9B60851E-822D-46B4-8352-F6E377E2389D}.Debug|Any CPU.Build.0 = Debug|Any CPU
		{9B60851E-822D-46B4-8352-F6E377E2389D}.Release|Any CPU.ActiveCfg = Release|Any CPU
		{9B60851E-822D-46B4-8352-F6E377E2389D}.Release|Any CPU.Build.0 = Release|Any CPU
	EndGlobalSection
	GlobalSection(SolutionProperties) = preSolution
		HideSolutionNode = FALSE
	EndGlobalSection
	GlobalSection(ExtensibilityGlobals) = postSolution
		SolutionGuid = {2465DE3A-7818-4718-A9FC-B85F7C714980}
	EndGlobalSection
EndGlobal
