
Microsoft Visual Studio Solution File, Format Version 12.00
# Visual Studio 15
VisualStudioVersion = 15.0.27428.2015
MinimumVisualStudioVersion = 10.0.40219.1
Project("{FAE04EC0-301F-11D3-BF4B-00C04F79EFBC}") = "ExtensionMethodDemo", "ExtensionMethods\ExtensionMethodDemo.csproj", "{CF3A4F77-890E-4909-8002-980448DA0254}"
EndProject
Project("{FAE04EC0-301F-11D3-BF4B-00C04F79EFBC}") = "ExtensionDemoMethod1", "ExtensionDemoMethod1\ExtensionDemoMethod1.csproj", "{470A919E-C3EB-4A5C-81A3-917340F89AC9}"
EndProject
Project("{FAE04EC0-301F-11D3-BF4B-00C04F79EFBC}") = "ExtensionMethodDemo2", "ExtensionMethodDemo3\ExtensionMethodDemo2.csproj", "{697E9CD3-624A-4008-BCD6-681E7BC71550}"
EndProject
Global
	GlobalSection(SolutionConfigurationPlatforms) = preSolution
		Debug|Any CPU = Debug|Any CPU
		Release|Any CPU = Release|Any CPU
	EndGlobalSection
	GlobalSection(ProjectConfigurationPlatforms) = postSolution
		{CF3A4F77-890E-4909-8002-980448DA0254}.Debug|Any CPU.ActiveCfg = Debug|Any CPU
		{CF3A4F77-890E-4909-8002-980448DA0254}.Debug|Any CPU.Build.0 = Debug|Any CPU
		{CF3A4F77-890E-4909-8002-980448DA0254}.Release|Any CPU.ActiveCfg = Release|Any CPU
		{CF3A4F77-890E-4909-8002-980448DA0254}.Release|Any CPU.Build.0 = Release|Any CPU
		{470A919E-C3EB-4A5C-81A3-917340F89AC9}.Debug|Any CPU.ActiveCfg = Debug|Any CPU
		{470A919E-C3EB-4A5C-81A3-917340F89AC9}.Debug|Any CPU.Build.0 = Debug|Any CPU
		{470A919E-C3EB-4A5C-81A3-917340F89AC9}.Release|Any CPU.ActiveCfg = Release|Any CPU
		{470A919E-C3EB-4A5C-81A3-917340F89AC9}.Release|Any CPU.Build.0 = Release|Any CPU
		{697E9CD3-624A-4008-BCD6-681E7BC71550}.Debug|Any CPU.ActiveCfg = Debug|Any CPU
		{697E9CD3-624A-4008-BCD6-681E7BC71550}.Debug|Any CPU.Build.0 = Debug|Any CPU
		{697E9CD3-624A-4008-BCD6-681E7BC71550}.Release|Any CPU.ActiveCfg = Release|Any CPU
		{697E9CD3-624A-4008-BCD6-681E7BC71550}.Release|Any CPU.Build.0 = Release|Any CPU
	EndGlobalSection
	GlobalSection(SolutionProperties) = preSolution
		HideSolutionNode = FALSE
	EndGlobalSection
	GlobalSection(ExtensibilityGlobals) = postSolution
		SolutionGuid = {C36548F8-CE76-4566-B9B0-6F0580BED396}
	EndGlobalSection
EndGlobal
