
Microsoft Visual Studio Solution File, Format Version 12.00
# Visual Studio 15
VisualStudioVersion = 15.0.27428.2015
MinimumVisualStudioVersion = 10.0.40219.1
Project("{FAE04EC0-301F-11D3-BF4B-00C04F79EFBC}") = "Chain_of_Responsibility_Exercise", "Chain_of_Responsibility_Exercise\Chain_of_Responsibility_Exercise.csproj", "{18CB212A-2518-4868-B5F4-D6317FCC3637}"
EndProject
Global
	GlobalSection(SolutionConfigurationPlatforms) = preSolution
		Debug|Any CPU = Debug|Any CPU
		Release|Any CPU = Release|Any CPU
	EndGlobalSection
	GlobalSection(ProjectConfigurationPlatforms) = postSolution
		{18CB212A-2518-4868-B5F4-D6317FCC3637}.Debug|Any CPU.ActiveCfg = Debug|Any CPU
		{18CB212A-2518-4868-B5F4-D6317FCC3637}.Debug|Any CPU.Build.0 = Debug|Any CPU
		{18CB212A-2518-4868-B5F4-D6317FCC3637}.Release|Any CPU.ActiveCfg = Release|Any CPU
		{18CB212A-2518-4868-B5F4-D6317FCC3637}.Release|Any CPU.Build.0 = Release|Any CPU
	EndGlobalSection
	GlobalSection(SolutionProperties) = preSolution
		HideSolutionNode = FALSE
	EndGlobalSection
	GlobalSection(ExtensibilityGlobals) = postSolution
		SolutionGuid = {E473D62E-BEE5-4BC9-B23F-6241AE1054DC}
	EndGlobalSection
EndGlobal
