
Microsoft Visual Studio Solution File, Format Version 12.00
# Visual Studio 15
VisualStudioVersion = 15.0.27703.2042
MinimumVisualStudioVersion = 10.0.40219.1
Project("{FAE04EC0-301F-11D3-BF4B-00C04F79EFBC}") = "testconnectionstring", "testconnectionstring\testconnectionstring.csproj", "{79BBF187-3A26-47D2-8BEE-8CB194CE4E00}"
EndProject
Global
	GlobalSection(SolutionConfigurationPlatforms) = preSolution
		Debug|Any CPU = Debug|Any CPU
		Release|Any CPU = Release|Any CPU
	EndGlobalSection
	GlobalSection(ProjectConfigurationPlatforms) = postSolution
		{79BBF187-3A26-47D2-8BEE-8CB194CE4E00}.Debug|Any CPU.ActiveCfg = Debug|Any CPU
		{79BBF187-3A26-47D2-8BEE-8CB194CE4E00}.Debug|Any CPU.Build.0 = Debug|Any CPU
		{79BBF187-3A26-47D2-8BEE-8CB194CE4E00}.Release|Any CPU.ActiveCfg = Release|Any CPU
		{79BBF187-3A26-47D2-8BEE-8CB194CE4E00}.Release|Any CPU.Build.0 = Release|Any CPU
	EndGlobalSection
	GlobalSection(SolutionProperties) = preSolution
		HideSolutionNode = FALSE
	EndGlobalSection
	GlobalSection(ExtensibilityGlobals) = postSolution
		SolutionGuid = {BFBBE21E-6B59-4D40-9C5B-85486BF24855}
	EndGlobalSection
EndGlobal
