
Microsoft Visual Studio Solution File, Format Version 12.00
# Visual Studio 15
VisualStudioVersion = 15.0.27428.2015
MinimumVisualStudioVersion = 10.0.40219.1
Project("{FAE04EC0-301F-11D3-BF4B-00C04F79EFBC}") = "Protection_Proxy", "Proxy\Protection_Proxy.csproj", "{6F0113A8-6338-48B4-876E-637013E077BE}"
EndProject
Project("{FAE04EC0-301F-11D3-BF4B-00C04F79EFBC}") = "Property_Proxy", "Property_Proxy\Property_Proxy.csproj", "{C24F5CAD-AC5B-4F01-9A8B-41AB73013F07}"
EndProject
Project("{FAE04EC0-301F-11D3-BF4B-00C04F79EFBC}") = "Dynamic_Proxy", "Dynamic_Proxy\Dynamic_Proxy.csproj", "{1B410648-9A5A-4E4F-9632-5B5C87BAADF0}"
EndProject
Global
	GlobalSection(SolutionConfigurationPlatforms) = preSolution
		Debug|Any CPU = Debug|Any CPU
		Release|Any CPU = Release|Any CPU
	EndGlobalSection
	GlobalSection(ProjectConfigurationPlatforms) = postSolution
		{6F0113A8-6338-48B4-876E-637013E077BE}.Debug|Any CPU.ActiveCfg = Debug|Any CPU
		{6F0113A8-6338-48B4-876E-637013E077BE}.Debug|Any CPU.Build.0 = Debug|Any CPU
		{6F0113A8-6338-48B4-876E-637013E077BE}.Release|Any CPU.ActiveCfg = Release|Any CPU
		{6F0113A8-6338-48B4-876E-637013E077BE}.Release|Any CPU.Build.0 = Release|Any CPU
		{C24F5CAD-AC5B-4F01-9A8B-41AB73013F07}.Debug|Any CPU.ActiveCfg = Debug|Any CPU
		{C24F5CAD-AC5B-4F01-9A8B-41AB73013F07}.Debug|Any CPU.Build.0 = Debug|Any CPU
		{C24F5CAD-AC5B-4F01-9A8B-41AB73013F07}.Release|Any CPU.ActiveCfg = Release|Any CPU
		{C24F5CAD-AC5B-4F01-9A8B-41AB73013F07}.Release|Any CPU.Build.0 = Release|Any CPU
		{1B410648-9A5A-4E4F-9632-5B5C87BAADF0}.Debug|Any CPU.ActiveCfg = Debug|Any CPU
		{1B410648-9A5A-4E4F-9632-5B5C87BAADF0}.Debug|Any CPU.Build.0 = Debug|Any CPU
		{1B410648-9A5A-4E4F-9632-5B5C87BAADF0}.Release|Any CPU.ActiveCfg = Release|Any CPU
		{1B410648-9A5A-4E4F-9632-5B5C87BAADF0}.Release|Any CPU.Build.0 = Release|Any CPU
	EndGlobalSection
	GlobalSection(SolutionProperties) = preSolution
		HideSolutionNode = FALSE
	EndGlobalSection
	GlobalSection(ExtensibilityGlobals) = postSolution
		SolutionGuid = {9B570BCE-4CE1-4160-9CF9-B69C8C86C59E}
	EndGlobalSection
EndGlobal
