
Microsoft Visual Studio Solution File, Format Version 12.00
# Visual Studio 15
VisualStudioVersion = 15.0.27428.2015
MinimumVisualStudioVersion = 10.0.40219.1
Project("{FAE04EC0-301F-11D3-BF4B-00C04F79EFBC}") = "WpfApp1", "WpfApp1\WpfApp1.csproj", "{51F3193E-7951-411A-AA8E-CAA55AAF6F79}"
EndProject
Global
	GlobalSection(SolutionConfigurationPlatforms) = preSolution
		Debug|Any CPU = Debug|Any CPU
		Release|Any CPU = Release|Any CPU
	EndGlobalSection
	GlobalSection(ProjectConfigurationPlatforms) = postSolution
		{51F3193E-7951-411A-AA8E-CAA55AAF6F79}.Debug|Any CPU.ActiveCfg = Debug|Any CPU
		{51F3193E-7951-411A-AA8E-CAA55AAF6F79}.Debug|Any CPU.Build.0 = Debug|Any CPU
		{51F3193E-7951-411A-AA8E-CAA55AAF6F79}.Release|Any CPU.ActiveCfg = Release|Any CPU
		{51F3193E-7951-411A-AA8E-CAA55AAF6F79}.Release|Any CPU.Build.0 = Release|Any CPU
	EndGlobalSection
	GlobalSection(SolutionProperties) = preSolution
		HideSolutionNode = FALSE
	EndGlobalSection
	GlobalSection(ExtensibilityGlobals) = postSolution
		SolutionGuid = {666EA381-DF66-4BB4-93D7-294F0B7EDC74}
	EndGlobalSection
EndGlobal
